PODS:
  - Firebase (4.10.0):
    - Firebase/Core (= 4.10.0)
  - Firebase/Auth (4.10.0):
    - Firebase/Core
    - FirebaseAuth (= 4.4.4)
  - Firebase/Core (4.10.0):
    - FirebaseAnalytics (= 4.1.0)
    - FirebaseCore (= 4.0.16)
  - Firebase/Database (4.10.0):
    - Firebase/Core
    - FirebaseDatabase (= 4.1.5)
  - Firebase/Storage (4.10.0):
    - Firebase/Core
    - FirebaseStorage (= 2.1.3)
  - FirebaseAnalytics (4.1.0):
    - FirebaseCore (~> 4.0)
    - FirebaseInstanceID (~> 2.0)
    - GoogleToolboxForMac/NSData+zlib (~> 2.1)
    - nanopb (~> 0.3)
  - FirebaseAuth (4.4.4):
    - FirebaseAnalytics (~> 4.1)
    - GoogleToolboxForMac/NSDictionary+URLArguments (~> 2.1)
    - GTMSessionFetcher/Core (~> 1.1)
  - FirebaseCore (4.0.16):
    - GoogleToolboxForMac/NSData+zlib (~> 2.1)
  - FirebaseDatabase (4.1.5):
    - FirebaseAnalytics (~> 4.1)
    - FirebaseCore (~> 4.0)
    - leveldb-library (~> 1.18)
  - FirebaseInstanceID (2.0.9):
    - FirebaseCore (~> 4.0)
  - FirebaseStorage (2.1.3):
    - FirebaseAnalytics (~> 4.1)
    - FirebaseCore (~> 4.0)
    - GTMSessionFetcher/Core (~> 1.1)
  - FirebaseUI/Storage (0.7.0):
    - Firebase/Storage
    - SDWebImage
  - GoogleToolboxForMac/DebugUtils (2.1.3):
    - GoogleToolboxForMac/Defines (= 2.1.3)
  - GoogleToolboxForMac/Defines (2.1.3)
  - GoogleToolboxForMac/NSData+zlib (2.1.3):
    - GoogleToolboxForMac/Defines (= 2.1.3)
  - GoogleToolboxForMac/NSDictionary+URLArguments (2.1.3):
    - GoogleToolboxForMac/DebugUtils (= 2.1.3)
    - GoogleToolboxForMac/Defines (= 2.1.3)
    - GoogleToolboxForMac/NSString+URLArguments (= 2.1.3)
  - GoogleToolboxForMac/NSString+URLArguments (2.1.3)
  - GTMSessionFetcher/Core (1.1.14)
  - leveldb-library (1.20)
  - LineSDK (4.0.3)
  - nanopb (0.3.8):
    - nanopb/decode (= 0.3.8)
    - nanopb/encode (= 0.3.8)
  - nanopb/decode (0.3.8)
  - nanopb/encode (0.3.8)
  - SDWebImage (4.3.2):
    - SDWebImage/Core (= 4.3.2)
  - SDWebImage/Core (4.3.2)
  - SVProgressHUD (2.2.5)
  - TextFieldEffects (1.4.0)

DEPENDENCIES:
  - Firebase
  - Firebase/Auth
  - Firebase/Database
  - Firebase/Storage
  - FirebaseUI/Storage (~> 0.6)
  - LineSDK (~> 4.0.2)
  - SVProgressHUD
  - TextFieldEffects

SPEC CHECKSUMS:
  Firebase: c98c8b1fbcbdccd82539a36c2b17a9b1bb0ee798
  FirebaseAnalytics: 3dfae28d4a5e06f86c4fae830efc2ad3fadb19bc
  FirebaseAuth: d040bb7a9db6dfc29d0e7ec82d48be51352b2581
  FirebaseCore: eb9e1a56733ff1094ecf3e28af9069c344b25239
  FirebaseDatabase: 5f0bc6134c5c237cf55f9e1249d406770a75eafd
  FirebaseInstanceID: d2058a35e9bebda1b6dd42486b84917bde552a9d
  FirebaseStorage: 9a863a2bb96c406958eeff7c2f1dfa9f44c44a13
  FirebaseUI: 6b22f02b8992fd921116b59e8dcda688c4072517
  GoogleToolboxForMac: 2501e2ad72a52eb3dfe7bd9aee7dad11b858bd20
  GTMSessionFetcher: 390ea358e5a0d0133153806f744662dad933d06b
  leveldb-library: 08cba283675b7ed2d99629a4bc5fd052cd2bb6a5
  LineSDK: 01a0e7206b2c459f20a2bee888553ae5dc74a709
  nanopb: 5601e6bca2dbf1ed831b519092ec110f66982ca3
  SDWebImage: 29bd3c0bc1f01e5eb59720847c64ad4c4ca1af5d
  SVProgressHUD: 1428aafac632c1f86f62aa4243ec12008d7a51d6
  TextFieldEffects: 4ee41b5216e674d55fb6ac25107bf1af7629176f

PODFILE CHECKSUM: 0b81b6a5eb30bb9e7e9fa0fdebed9bd9f2d95d0d

COCOAPODS: 1.4.0
